<?xml version="1.0" encoding="utf-8"?>
<Project ToolsVersion="4.0" xmlns="http://schemas.microsoft.com/developer/msbuild/2003">
  <ItemGroup>
    <ClCompile Include="DataSetBuilder.cpp">
      <Filter>Source</Filter>
    </ClCompile>
    <ClCompile Include="main.cpp">
      <Filter>Source</Filter>
    </ClCompile>
    <ClCompile Include="NeuralNetwork.cpp">
      <Filter>Source</Filter>
    </ClCompile>
    <ClCompile Include="NeuralNetworkFactory.cpp">
      <Filter>Source</Filter>
    </ClCompile>
    <ClCompile Include="FileCombiner.cpp" />
  </ItemGroup>
  <ItemGroup>
    <ClInclude Include="DataSetBuilder.h">
      <Filter>Header</Filter>
    </ClInclude>
    <ClInclude Include="NeuralNetwork.h">
      <Filter>Header</Filter>
    </ClInclude>
    <ClInclude Include="NeuralNetworkFactory.h">
      <Filter>Header</Filter>
    </ClInclude>
    <ClInclude Include="FileCombiner.h" />
  </ItemGroup>
  <ItemGroup>
    <Filter Include="Header">
      <UniqueIdentifier>{8e252999-c6da-4879-9b3e-c7eaa4f61db2}</UniqueIdentifier>
    </Filter>
    <Filter Include="Source">
      <UniqueIdentifier>{3e4f675f-c422-4c9c-8c4b-b5f7cc99ce75}</UniqueIdentifier>
    </Filter>
  </ItemGroup>
</Project>